
Microsoft Visual Studio Solution File, Format Version 12.00
# Visual Studio Version 16
VisualStudioVersion = 16.0.30611.23
MinimumVisualStudioVersion = 10.0.40219.1
Project("{888888A0-9F3D-457C-B088-3A5042F75D52}") = "animeScores", "animeScores.pyproj", "{B36DE369-43FF-4FDB-9CDF-CEBA95DA75DC}"
EndProject
Global
	GlobalSection(SolutionConfigurationPlatforms) = preSolution
		Debug|Any CPU = Debug|Any CPU
		Release|Any CPU = Release|Any CPU
	EndGlobalSection
	GlobalSection(ProjectConfigurationPlatforms) = postSolution
		{B36DE369-43FF-4FDB-9CDF-CEBA95DA75DC}.Debug|Any CPU.ActiveCfg = Debug|Any CPU
		{B36DE369-43FF-4FDB-9CDF-CEBA95DA75DC}.Release|Any CPU.ActiveCfg = Release|Any CPU
	EndGlobalSection
	GlobalSection(SolutionProperties) = preSolution
		HideSolutionNode = FALSE
	EndGlobalSection
	GlobalSection(ExtensibilityGlobals) = postSolution
		SolutionGuid = {3466FBD1-F57F-4BE3-8908-6784D9CBAFB4}
	EndGlobalSection
EndGlobal
